
Microsoft Visual Studio Solution File, Format Version 12.00
# Visual Studio 15
VisualStudioVersion = 15.0.27428.1
MinimumVisualStudioVersion = 10.0.40219.1
Project("{8BC9CEB8-8B4A-11D0-8D11-00A0C91BC942}") = "String_Function_Example_Code", "String_Function_Example_Code\String_Function_Example_Code.vcxproj", "{B1588FDB-FBB9-4CD2-A2C3-9396A99CA530}"
EndProject
Global
	GlobalSection(SolutionConfigurationPlatforms) = preSolution
		Debug|x64 = Debug|x64
		Debug|x86 = Debug|x86
		Release|x64 = Release|x64
		Release|x86 = Release|x86
	EndGlobalSection
	GlobalSection(ProjectConfigurationPlatforms) = postSolution
		{B1588FDB-FBB9-4CD2-A2C3-9396A99CA530}.Debug|x64.ActiveCfg = Debug|x64
		{B1588FDB-FBB9-4CD2-A2C3-9396A99CA530}.Debug|x64.Build.0 = Debug|x64
		{B1588FDB-FBB9-4CD2-A2C3-9396A99CA530}.Debug|x86.ActiveCfg = Debug|Win32
		{B1588FDB-FBB9-4CD2-A2C3-9396A99CA530}.Debug|x86.Build.0 = Debug|Win32
		{B1588FDB-FBB9-4CD2-A2C3-9396A99CA530}.Release|x64.ActiveCfg = Release|x64
		{B1588FDB-FBB9-4CD2-A2C3-9396A99CA530}.Release|x64.Build.0 = Release|x64
		{B1588FDB-FBB9-4CD2-A2C3-9396A99CA530}.Release|x86.ActiveCfg = Release|Win32
		{B1588FDB-FBB9-4CD2-A2C3-9396A99CA530}.Release|x86.Build.0 = Release|Win32
	EndGlobalSection
	GlobalSection(SolutionProperties) = preSolution
		HideSolutionNode = FALSE
	EndGlobalSection
	GlobalSection(ExtensibilityGlobals) = postSolution
		SolutionGuid = {40C1D82A-0413-4343-A2C7-B50A84E66FEA}
	EndGlobalSection
EndGlobal
